
Microsoft Visual Studio Solution File, Format Version 12.00
# Visual Studio Version 16
VisualStudioVersion = 16.0.30517.126
MinimumVisualStudioVersion = 10.0.40219.1
Project("{2150E333-8FDC-42A3-9474-1A3956D46DE8}") = "0200025", "0200025", "{7A8CC247-0FD5-4B0F-98B3-3C5E92FDDA84}"
EndProject
Project("{2150E333-8FDC-42A3-9474-1A3956D46DE8}") = "0200026", "0200026", "{9168A3A6-72D9-4E31-AD54-60E86A872191}"
EndProject
Project("{FAE04EC0-301F-11D3-BF4B-00C04F79EFBC}") = "APP0200025", "APP0200025\APP0200025.csproj", "{10D94456-EFA1-4E53-A85B-402804D5010B}"
EndProject
Project("{FAE04EC0-301F-11D3-BF4B-00C04F79EFBC}") = "DATA0200025", "DATA0200025\DATA0200025.csproj", "{E42B1885-7C38-49F3-A729-36F06AB53D94}"
EndProject
Project("{FAE04EC0-301F-11D3-BF4B-00C04F79EFBC}") = "DATA0200026", "DATA0200026\DATA0200026.csproj", "{69FA8A01-742C-409F-ADE0-9B6179896F59}"
EndProject
Project("{FAE04EC0-301F-11D3-BF4B-00C04F79EFBC}") = "DomainModels", "DomainModels\DomainModels.csproj", "{25BE807D-ACF1-484A-AC7B-7675C28ED8CC}"
EndProject
Project("{FAE04EC0-301F-11D3-BF4B-00C04F79EFBC}") = "SV0200025", "SV0200025\SV0200025.csproj", "{9EB97B64-6BA8-4878-81E9-9A2EF55AFD04}"
EndProject
Project("{FAE04EC0-301F-11D3-BF4B-00C04F79EFBC}") = "API0200025", "API0200025\API0200025.csproj", "{83B19395-ABF7-4588-8020-CD005E499A7A}"
EndProject
Global
	GlobalSection(SolutionConfigurationPlatforms) = preSolution
		Debug|Any CPU = Debug|Any CPU
		Release|Any CPU = Release|Any CPU
	EndGlobalSection
	GlobalSection(ProjectConfigurationPlatforms) = postSolution
		{10D94456-EFA1-4E53-A85B-402804D5010B}.Debug|Any CPU.ActiveCfg = Debug|Any CPU
		{10D94456-EFA1-4E53-A85B-402804D5010B}.Debug|Any CPU.Build.0 = Debug|Any CPU
		{10D94456-EFA1-4E53-A85B-402804D5010B}.Release|Any CPU.ActiveCfg = Release|Any CPU
		{10D94456-EFA1-4E53-A85B-402804D5010B}.Release|Any CPU.Build.0 = Release|Any CPU
		{E42B1885-7C38-49F3-A729-36F06AB53D94}.Debug|Any CPU.ActiveCfg = Debug|Any CPU
		{E42B1885-7C38-49F3-A729-36F06AB53D94}.Debug|Any CPU.Build.0 = Debug|Any CPU
		{E42B1885-7C38-49F3-A729-36F06AB53D94}.Release|Any CPU.ActiveCfg = Release|Any CPU
		{E42B1885-7C38-49F3-A729-36F06AB53D94}.Release|Any CPU.Build.0 = Release|Any CPU
		{69FA8A01-742C-409F-ADE0-9B6179896F59}.Debug|Any CPU.ActiveCfg = Debug|Any CPU
		{69FA8A01-742C-409F-ADE0-9B6179896F59}.Debug|Any CPU.Build.0 = Debug|Any CPU
		{69FA8A01-742C-409F-ADE0-9B6179896F59}.Release|Any CPU.ActiveCfg = Release|Any CPU
		{69FA8A01-742C-409F-ADE0-9B6179896F59}.Release|Any CPU.Build.0 = Release|Any CPU
		{25BE807D-ACF1-484A-AC7B-7675C28ED8CC}.Debug|Any CPU.ActiveCfg = Debug|Any CPU
		{25BE807D-ACF1-484A-AC7B-7675C28ED8CC}.Debug|Any CPU.Build.0 = Debug|Any CPU
		{25BE807D-ACF1-484A-AC7B-7675C28ED8CC}.Release|Any CPU.ActiveCfg = Release|Any CPU
		{25BE807D-ACF1-484A-AC7B-7675C28ED8CC}.Release|Any CPU.Build.0 = Release|Any CPU
		{9EB97B64-6BA8-4878-81E9-9A2EF55AFD04}.Debug|Any CPU.ActiveCfg = Debug|Any CPU
		{9EB97B64-6BA8-4878-81E9-9A2EF55AFD04}.Debug|Any CPU.Build.0 = Debug|Any CPU
		{9EB97B64-6BA8-4878-81E9-9A2EF55AFD04}.Release|Any CPU.ActiveCfg = Release|Any CPU
		{9EB97B64-6BA8-4878-81E9-9A2EF55AFD04}.Release|Any CPU.Build.0 = Release|Any CPU
		{83B19395-ABF7-4588-8020-CD005E499A7A}.Debug|Any CPU.ActiveCfg = Debug|Any CPU
		{83B19395-ABF7-4588-8020-CD005E499A7A}.Debug|Any CPU.Build.0 = Debug|Any CPU
		{83B19395-ABF7-4588-8020-CD005E499A7A}.Release|Any CPU.ActiveCfg = Release|Any CPU
		{83B19395-ABF7-4588-8020-CD005E499A7A}.Release|Any CPU.Build.0 = Release|Any CPU
	EndGlobalSection
	GlobalSection(SolutionProperties) = preSolution
		HideSolutionNode = FALSE
	EndGlobalSection
	GlobalSection(NestedProjects) = preSolution
		{10D94456-EFA1-4E53-A85B-402804D5010B} = {7A8CC247-0FD5-4B0F-98B3-3C5E92FDDA84}
		{E42B1885-7C38-49F3-A729-36F06AB53D94} = {7A8CC247-0FD5-4B0F-98B3-3C5E92FDDA84}
		{69FA8A01-742C-409F-ADE0-9B6179896F59} = {9168A3A6-72D9-4E31-AD54-60E86A872191}
		{9EB97B64-6BA8-4878-81E9-9A2EF55AFD04} = {7A8CC247-0FD5-4B0F-98B3-3C5E92FDDA84}
		{83B19395-ABF7-4588-8020-CD005E499A7A} = {7A8CC247-0FD5-4B0F-98B3-3C5E92FDDA84}
	EndGlobalSection
	GlobalSection(ExtensibilityGlobals) = postSolution
		SolutionGuid = {663FA338-9D99-4432-B214-16B563CD8624}
	EndGlobalSection
EndGlobal
